PODS:
  - CommandLine (2.4.6):
    - CommandLine/ANSI (= 2.4.6)
    - CommandLine/Command (= 2.4.6)
    - CommandLine/Interface (= 2.4.6)
    - CommandLine/Launcher (= 2.4.6)
    - CommandLine/Main (= 2.4.6)
    - CommandLine/Tools (= 2.4.6)
  - CommandLine/ANSI (2.4.6):
    - CommandLine/Main
    - CommandLine/Tools
  - CommandLine/Command (2.4.6):
    - CommandLine/ANSI
    - CommandLine/Main
  - CommandLine/Interface (2.4.6):
    - CommandLine/ANSI
    - CommandLine/Main
  - CommandLine/Launcher (2.4.6):
    - CommandLine/Main
  - CommandLine/Main (2.4.6)
  - CommandLine/Tools (2.4.6):
    - CommandLine/Main
  - libMachO (0.1.1)
  - MachOKit (0.1.1):
    - libMachO
  - MobileProvision (1.0.1)
  - MUFoundation/MUPath (0.0.5)
  - optool (0.1.2):
    - optool/Core (= 0.1.2)
    - optool/ObjC (= 0.1.2)
  - optool/Core (0.1.2)
  - optool/ObjC (0.1.2):
    - optool/Core
  - SSZipArchive (2.2.2)

DEPENDENCIES:
  - CommandLine
  - libMachO (from `https://github.com/Magic-Unique/MachOKit.git`, tag `0.1.1`)
  - MachOKit (from `https://github.com/Magic-Unique/MachOKit.git`, tag `0.1.1`)
  - MobileProvision
  - MUFoundation/MUPath
  - optool (from `https://github.com/Magic-Unique/MachOKit.git`, tag `0.1.2`)
  - SSZipArchive

SPEC REPOS:
  https://github.com/CocoaPods/Specs.git:
    - CommandLine
    - MobileProvision
    - MUFoundation
    - SSZipArchive

EXTERNAL SOURCES:
  libMachO:
    :git: https://github.com/Magic-Unique/MachOKit.git
    :tag: 0.1.1
  MachOKit:
    :git: https://github.com/Magic-Unique/MachOKit.git
    :tag: 0.1.1
  optool:
    :git: https://github.com/Magic-Unique/MachOKit.git
    :tag: 0.1.2

CHECKOUT OPTIONS:
  libMachO:
    :git: https://github.com/Magic-Unique/MachOKit.git
    :tag: 0.1.1
  MachOKit:
    :git: https://github.com/Magic-Unique/MachOKit.git
    :tag: 0.1.1
  optool:
    :git: https://github.com/Magic-Unique/MachOKit.git
    :tag: 0.1.2

SPEC CHECKSUMS:
  CommandLine: 4801986f6cd7fed64239ee5320be5e5c683edce3
  libMachO: eb534f859db5feaff272e8ed2e50770fbc679e0e
  MachOKit: 72dfbceb4f6e04905f67024b94f80fdb677dd793
  MobileProvision: b9b8166ac061b11c7440cc3881ac94ebc8dce58f
  MUFoundation: d56f948f4c818f46a19ead18f38014e6330f40c3
  optool: 51402602b6ac35b3f83fa85f5595d8dbd4fba52c
  SSZipArchive: fa16b8cc4cdeceb698e5e5d9f67e9558532fbf23

PODFILE CHECKSUM: 43698ced50150894e1b29cef429337e533f19beb

COCOAPODS: 1.11.2
