PODS:
  - CommandLine (3.2.0):
    - CommandLine/Command (= 3.2.0)
    - CommandLine/Interface (= 3.2.0)
    - CommandLine/Launcher (= 3.2.0)
  - CommandLine/ANSI (3.2.0):
    - CommandLine/Main
    - CommandLine/Tools
  - CommandLine/Command (3.2.0):
    - CommandLine/ANSI
    - CommandLine/Error
    - CommandLine/Helper
    - CommandLine/I18N
    - CommandLine/Info
    - CommandLine/Main
  - CommandLine/Error (3.2.0):
    - CommandLine/I18N
    - CommandLine/Main
  - CommandLine/Helper (3.2.0):
    - CommandLine/ANSI
    - CommandLine/I18N
    - CommandLine/Info
    - CommandLine/Main
  - CommandLine/I18N (3.2.0):
    - CommandLine/Main
  - CommandLine/Info (3.2.0):
    - CommandLine/I18N
    - CommandLine/Main
  - CommandLine/Interface (3.2.0):
    - CommandLine/ANSI
    - CommandLine/Main
  - CommandLine/Launcher (3.2.0):
    - CommandLine/Main
  - CommandLine/Main (3.2.0)
  - CommandLine/Tools (3.2.0):
    - CommandLine/Main
  - libMachO (0.1.1)
  - MachOKit (0.1.1):
    - libMachO
  - MobileProvision (1.0.1)
  - MUFoundation/MUPath (0.0.5)
  - optool (0.1.2):
    - optool/Core (= 0.1.2)
    - optool/ObjC (= 0.1.2)
  - optool/Core (0.1.2)
  - optool/ObjC (0.1.2):
    - optool/Core
  - SSZipArchive (2.2.2)

DEPENDENCIES:
  - CommandLine (= 3.2.0)
  - libMachO (from `https://github.com/Magic-Unique/MachOKit.git`, tag `0.1.1`)
  - MachOKit (from `https://github.com/Magic-Unique/MachOKit.git`, tag `0.1.1`)
  - MobileProvision
  - MUFoundation/MUPath
  - optool (from `https://github.com/Magic-Unique/MachOKit.git`, tag `0.1.2`)
  - SSZipArchive

SPEC REPOS:
  https://mirrors.tencent.com/repository/generic/pod-go/T-CocoaPods/Specs/:
    - SSZipArchive
  trunk:
    - CommandLine
    - MobileProvision
    - MUFoundation

EXTERNAL SOURCES:
  libMachO:
    :git: https://github.com/Magic-Unique/MachOKit.git
    :tag: 0.1.1
  MachOKit:
    :git: https://github.com/Magic-Unique/MachOKit.git
    :tag: 0.1.1
  optool:
    :git: https://github.com/Magic-Unique/MachOKit.git
    :tag: 0.1.2

CHECKOUT OPTIONS:
  libMachO:
    :git: https://github.com/Magic-Unique/MachOKit.git
    :tag: 0.1.1
  MachOKit:
    :git: https://github.com/Magic-Unique/MachOKit.git
    :tag: 0.1.1
  optool:
    :git: https://github.com/Magic-Unique/MachOKit.git
    :tag: 0.1.2

SPEC CHECKSUMS:
  CommandLine: 7691d0b8457730cd772e00fc07faacf4a1402187
  libMachO: eb534f859db5feaff272e8ed2e50770fbc679e0e
  MachOKit: 72dfbceb4f6e04905f67024b94f80fdb677dd793
  MobileProvision: b9b8166ac061b11c7440cc3881ac94ebc8dce58f
  MUFoundation: d56f948f4c818f46a19ead18f38014e6330f40c3
  optool: 51402602b6ac35b3f83fa85f5595d8dbd4fba52c
  SSZipArchive: bf4a2ddf6602805bc591f2008ef69d42ff95dce6

PODFILE CHECKSUM: e617304d5f591d2229da289e7f6a39d56754958a

COCOAPODS: 1.16.2
