<?xml version="1.0" encoding="UTF-8"?>
<Scheme
   LastUpgradeVersion = "1030"
   version = "1.3">
   <BuildAction
      parallelizeBuildables = "YES"
      buildImplicitDependencies = "YES">
      <BuildActionEntries>
         <BuildActionEntry
            buildForTesting = "YES"
            buildForRunning = "YES"
            buildForProfiling = "YES"
            buildForArchiving = "YES"
            buildForAnalyzing = "YES">
            <BuildableReference
               BuildableIdentifier = "primary"
               BlueprintIdentifier = "6DA8A5572330142100044B5B"
               BuildableName = "IPASigner"
               BlueprintName = "IPASigner"
               ReferencedContainer = "container:IPASigner.xcodeproj">
            </BuildableReference>
         </BuildActionEntry>
      </BuildActionEntries>
   </BuildAction>
   <TestAction
      buildConfiguration = "Debug"
      selectedDebuggerIdentifier = "Xcode.DebuggerFoundation.Debugger.LLDB"
      selectedLauncherIdentifier = "Xcode.DebuggerFoundation.Launcher.LLDB"
      shouldUseLaunchSchemeArgsEnv = "YES">
      <MacroExpansion>
         <BuildableReference
            BuildableIdentifier = "primary"
            BlueprintIdentifier = "6DA8A5572330142100044B5B"
            BuildableName = "IPASigner"
            BlueprintName = "IPASigner"
            ReferencedContainer = "container:IPASigner.xcodeproj">
         </BuildableReference>
      </MacroExpansion>
      <Testables>
      </Testables>
   </TestAction>
   <LaunchAction
      buildConfiguration = "Debug"
      selectedDebuggerIdentifier = "Xcode.DebuggerFoundation.Debugger.LLDB"
      selectedLauncherIdentifier = "Xcode.DebuggerFoundation.Launcher.LLDB"
      launchStyle = "0"
      useCustomWorkingDirectory = "NO"
      ignoresPersistentStateOnLaunch = "NO"
      debugDocumentVersioning = "YES"
      debugServiceExtension = "internal"
      allowLocationSimulation = "YES">
      <BuildableProductRunnable
         runnableDebuggingMode = "0">
         <BuildableReference
            BuildableIdentifier = "primary"
            BlueprintIdentifier = "6DA8A5572330142100044B5B"
            BuildableName = "IPASigner"
            BlueprintName = "IPASigner"
            ReferencedContainer = "container:IPASigner.xcodeproj">
         </BuildableReference>
      </BuildableProductRunnable>
      <CommandLineArguments>
         <CommandLineArgument
            argument = "sign --in-house --bundle-id com.bjlct.luckycoffee /Users/wushuang/Downloads/LuckyClient.ipa "
            isEnabled = "NO">
         </CommandLineArgument>
         <CommandLineArgument
            argument = "provision prune"
            isEnabled = "NO">
         </CommandLineArgument>
         <CommandLineArgument
            argument = "sign --help"
            isEnabled = "NO">
         </CommandLineArgument>
         <CommandLineArgument
            argument = "sign --ad-hoc /Users/wushuang/Downloads/LuckyClient.ipa"
            isEnabled = "NO">
         </CommandLineArgument>
         <CommandLineArgument
            argument = "sign in-house /Users/wushuang/Desktop/calculator.ipa --bundle-id com.bjlc.luckinworkstation"
            isEnabled = "NO">
         </CommandLineArgument>
         <CommandLineArgument
            argument = "resign -p ~/Downloads/AllDev.mobileprovision ~/Downloads/unc0ver_Release_8.0.2.ipa"
            isEnabled = "NO">
         </CommandLineArgument>
         <CommandLineArgument
            argument = "-s - &quot;~/Downloads/Guqin Tuner_3.5.ipa&quot;"
            isEnabled = "NO">
         </CommandLineArgument>
         <CommandLineArgument
            argument = "--help"
            isEnabled = "NO">
         </CommandLineArgument>
         <CommandLineArgument
            argument = "--version"
            isEnabled = "NO">
         </CommandLineArgument>
      </CommandLineArguments>
      <EnvironmentVariables>
         <EnvironmentVariable
            key = "IPASIGNER_DEFAULT_PROFILE"
            value = "AllDev"
            isEnabled = "YES">
         </EnvironmentVariable>
      </EnvironmentVariables>
   </LaunchAction>
   <ProfileAction
      buildConfiguration = "Release"
      shouldUseLaunchSchemeArgsEnv = "YES"
      savedToolIdentifier = ""
      useCustomWorkingDirectory = "NO"
      debugDocumentVersioning = "YES">
      <BuildableProductRunnable
         runnableDebuggingMode = "0">
         <BuildableReference
            BuildableIdentifier = "primary"
            BlueprintIdentifier = "6DA8A5572330142100044B5B"
            BuildableName = "IPASigner"
            BlueprintName = "IPASigner"
            ReferencedContainer = "container:IPASigner.xcodeproj">
         </BuildableReference>
      </BuildableProductRunnable>
   </ProfileAction>
   <AnalyzeAction
      buildConfiguration = "Debug">
   </AnalyzeAction>
   <ArchiveAction
      buildConfiguration = "Release"
      revealArchiveInOrganizer = "YES">
   </ArchiveAction>
</Scheme>
